# THIS IS AN AUTOGENERATED FILE. DO NOT EDIT THIS FILE DIRECTLY.
# yarn lockfile v1


"@nodelib/fs.scandir@2.1.5":
  version "2.1.5"
  resolved "https://af-biz.qianxin-inc.cn:443/artifactory/api/npm/ats-npm/@nodelib/fs.scandir/download/@nodelib/fs.scandir-2.1.5.tgz#7619c2eb21b25483f6d167548b4cfd5a7488c3d5"
  integrity sha1-dhnC6yGyVIP20WdUi0z9WnSIw9U=
  dependencies:
    "@nodelib/fs.stat" "2.0.5"
    run-parallel "^1.1.9"

"@nodelib/fs.stat@2.0.5", "@nodelib/fs.stat@^2.0.2":
  version "2.0.5"
  resolved "https://af-biz.qianxin-inc.cn:443/artifactory/api/npm/ats-npm/@nodelib/fs.stat/download/@nodelib/fs.stat-2.0.5.tgz#5bd262af94e9d25bd1e71b05deed44876a222e8b"
  integrity sha1-W9Jir5Tp0lvR5xsF3u1Eh2oiLos=

"@nodelib/fs.walk@^1.2.3":
  version "1.2.8"
  resolved "https://af-biz.qianxin-inc.cn:443/artifactory/api/npm/ats-npm/@nodelib/fs.walk/download/@nodelib/fs.walk-1.2.8.tgz#e95737e8bb6746ddedf69c556953494f196fe69a"
  integrity sha1-6Vc36LtnRt3t9pxVaVNJTxlv5po=
  dependencies:
    "@nodelib/fs.scandir" "2.1.5"
    fastq "^1.6.0"

"@types/fs-extra@^9.0.12":
  version "9.0.13"
  resolved "https://af-biz.qianxin-inc.cn:443/artifactory/api/npm/ats-npm/@types/fs-extra/download/@types/fs-extra-9.0.13.tgz#7594fbae04fe7f1918ce8b3d213f74ff44ac1f45"
  integrity sha1-dZT7rgT+fxkYzos9IT90/0SsH0U=
  dependencies:
    "@types/node" "*"

"@types/minimist@^1.2.2":
  version "1.2.2"
  resolved "https://af-biz.qianxin-inc.cn:443/artifactory/api/npm/ats-npm/@types/minimist/download/@types/minimist-1.2.2.tgz#ee771e2ba4b3dc5b372935d549fd9617bf345b8c"
  integrity sha1-7nceK6Sz3Fs3KTXVSf2WF780W4w=

"@types/node-fetch@^2.5.12":
  version "2.5.12"
  resolved "https://af-biz.qianxin-inc.cn:443/artifactory/api/npm/ats-npm/@types/node-fetch/download/@types/node-fetch-2.5.12.tgz#8a6f779b1d4e60b7a57fb6fd48d84fb545b9cc66"
  integrity sha1-im93mx1OYLelf7b9SNhPtUW5zGY=
  dependencies:
    "@types/node" "*"
    form-data "^3.0.0"

"@types/node@*", "@types/node@^16.6":
  version "16.10.1"
  resolved "https://af-biz.qianxin-inc.cn:443/artifactory/api/npm/ats-npm/@types/node/download/@types/node-16.10.1.tgz#f3647623199ca920960006b3dccf633ea905f243"
  integrity sha1-82R2IxmcqSCWAAaz3M9jPqkF8kM=

ansi-styles@^4.1.0:
  version "4.3.0"
  resolved "https://af-biz.qianxin-inc.cn:443/artifactory/api/npm/ats-npm/ansi-styles/download/ansi-styles-4.3.0.tgz#edd803628ae71c04c85ae7a0906edad34b648937"
  integrity sha1-7dgDYornHATIWuegkG7a00tkiTc=
  dependencies:
    color-convert "^2.0.1"

array-union@^3.0.1:
  version "3.0.1"
  resolved "https://af-biz.qianxin-inc.cn:443/artifactory/api/npm/ats-npm/array-union/download/array-union-3.0.1.tgz#da52630d327f8b88cfbfb57728e2af5cd9b6b975"
  integrity sha1-2lJjDTJ/i4jPv7V3KOKvXNm2uXU=

asynckit@^0.4.0:
  version "0.4.0"
  resolved "https://af-biz.qianxin-inc.cn:443/artifactory/api/npm/ats-npm/asynckit/download/asynckit-0.4.0.tgz#c79ed97f7f34cb8f2ba1bc9790bcc366474b4b79"
  integrity sha1-x57Zf380y48robyXkLzDZkdLS3k=

braces@^3.0.1:
  version "3.0.2"
  resolved "https://af-biz.qianxin-inc.cn:443/artifactory/api/npm/ats-npm/braces/download/braces-3.0.2.tgz#3454e1a462ee8d599e236df336cd9ea4f8afe107"
  integrity sha1-NFThpGLujVmeI23zNs2epPiv4Qc=
  dependencies:
    fill-range "^7.0.1"

chalk@^4.1.2:
  version "4.1.2"
  resolved "https://af-biz.qianxin-inc.cn:443/artifactory/api/npm/ats-npm/chalk/download/chalk-4.1.2.tgz#aac4e2b7734a740867aeb16bf02aad556a1e7a01"
  integrity sha1-qsTit3NKdAhnrrFr8CqtVWoeegE=
  dependencies:
    ansi-styles "^4.1.0"
    supports-color "^7.1.0"

color-convert@^2.0.1:
  version "2.0.1"
  resolved "https://af-biz.qianxin-inc.cn:443/artifactory/api/npm/ats-npm/color-convert/download/color-convert-2.0.1.tgz#72d3a68d598c9bdb3af2ad1e84f21d896abd4de3"
  integrity sha1-ctOmjVmMm9s68q0ehPIdiWq9TeM=
  dependencies:
    color-name "~1.1.4"

color-name@~1.1.4:
  version "1.1.4"
  resolved "https://af-biz.qianxin-inc.cn:443/artifactory/api/npm/ats-npm/color-name/download/color-name-1.1.4.tgz#c2a09a87acbde69543de6f63fa3995c826c536a2"
  integrity sha1-wqCah6y95pVD3m9j+jmVyCbFNqI=

combined-stream@^1.0.8:
  version "1.0.8"
  resolved "https://af-biz.qianxin-inc.cn:443/artifactory/api/npm/ats-npm/combined-stream/download/combined-stream-1.0.8.tgz#c3d45a8b34fd730631a110a8a2520682b31d5a7f"
  integrity sha1-w9RaizT9cwYxoRCoolIGgrMdWn8=
  dependencies:
    delayed-stream "~1.0.0"

delayed-stream@~1.0.0:
  version "1.0.0"
  resolved "https://af-biz.qianxin-inc.cn:443/artifactory/api/npm/ats-npm/delayed-stream/download/delayed-stream-1.0.0.tgz#df3ae199acadfb7d440aaae0b29e2272b24ec619"
  integrity sha1-3zrhmayt+31ECqrgsp4icrJOxhk=

dir-glob@^3.0.1:
  version "3.0.1"
  resolved "https://af-biz.qianxin-inc.cn:443/artifactory/api/npm/ats-npm/dir-glob/download/dir-glob-3.0.1.tgz#56dbf73d992a4a93ba1584f4534063fd2e41717f"
  integrity sha1-Vtv3PZkqSpO6FYT0U0Bj/S5BcX8=
  dependencies:
    path-type "^4.0.0"

duplexer@~0.1.1:
  version "0.1.2"
  resolved "https://af-biz.qianxin-inc.cn:443/artifactory/api/npm/ats-npm/duplexer/download/duplexer-0.1.2.tgz#3abe43aef3835f8ae077d136ddce0f276b0400e6"
  integrity sha1-Or5DrvODX4rgd9E23c4PJ2sEAOY=

event-stream@=3.3.4:
  version "3.3.4"
  resolved "https://af-biz.qianxin-inc.cn:443/artifactory/api/npm/ats-npm/event-stream/download/event-stream-3.3.4.tgz#4ab4c9a0f5a54db9338b4c34d86bfce8f4b35571"
  integrity sha1-SrTJoPWlTbkzi0w02Gv86PSzVXE=
  dependencies:
    duplexer "~0.1.1"
    from "~0"
    map-stream "~0.1.0"
    pause-stream "0.0.11"
    split "0.3"
    stream-combiner "~0.0.4"
    through "~2.3.1"

fast-glob@^3.2.7:
  version "3.2.7"
  resolved "https://af-biz.qianxin-inc.cn:443/artifactory/api/npm/ats-npm/fast-glob/download/fast-glob-3.2.7.tgz#fd6cb7a2d7e9aa7a7846111e85a196d6b2f766a1"
  integrity sha1-/Wy3otfpqnp4RhEehaGW1rL3ZqE=
  dependencies:
    "@nodelib/fs.stat" "^2.0.2"
    "@nodelib/fs.walk" "^1.2.3"
    glob-parent "^5.1.2"
    merge2 "^1.3.0"
    micromatch "^4.0.4"

fastq@^1.6.0:
  version "1.13.0"
  resolved "https://af-biz.qianxin-inc.cn:443/artifactory/api/npm/ats-npm/fastq/download/fastq-1.13.0.tgz#616760f88a7526bdfc596b7cab8c18938c36b98c"
  integrity sha1-YWdg+Ip1Jr38WWt8q4wYk4w2uYw=
  dependencies:
    reusify "^1.0.4"

fill-range@^7.0.1:
  version "7.0.1"
  resolved "https://af-biz.qianxin-inc.cn:443/artifactory/api/npm/ats-npm/fill-range/download/fill-range-7.0.1.tgz#1919a6a7c75fe38b2c7c77e5198535da9acdda40"
  integrity sha1-GRmmp8df44ssfHflGYU12prN2kA=
  dependencies:
    to-regex-range "^5.0.1"

form-data@^3.0.0:
  version "3.0.1"
  resolved "https://af-biz.qianxin-inc.cn:443/artifactory/api/npm/ats-npm/form-data/download/form-data-3.0.1.tgz#ebd53791b78356a99af9a300d4282c4d5eb9755f"
  integrity sha1-69U3kbeDVqma+aMA1CgsTV65dV8=
  dependencies:
    asynckit "^0.4.0"
    combined-stream "^1.0.8"
    mime-types "^2.1.12"

from@~0:
  version "0.1.7"
  resolved "https://af-biz.qianxin-inc.cn:443/artifactory/api/npm/ats-npm/from/download/from-0.1.7.tgz#83c60afc58b9c56997007ed1a768b3ab303a44fe"
  integrity sha1-g8YK/Fi5xWmXAH7Rp2izqzA6RP4=

fs-extra@^10.0.0:
  version "10.0.0"
  resolved "https://af-biz.qianxin-inc.cn:443/artifactory/api/npm/ats-npm/fs-extra/download/fs-extra-10.0.0.tgz#9ff61b655dde53fb34a82df84bb214ce802e17c1"
  integrity sha1-n/YbZV3eU/s0qC34S7IUzoAuF8E=
  dependencies:
    graceful-fs "^4.2.0"
    jsonfile "^6.0.1"
    universalify "^2.0.0"

glob-parent@^5.1.2:
  version "5.1.2"
  resolved "https://af-biz.qianxin-inc.cn:443/artifactory/api/npm/ats-npm/glob-parent/download/glob-parent-5.1.2.tgz#869832c58034fe68a4093c17dc15e8340d8401c4"
  integrity sha1-hpgyxYA0/mikCTwX3BXoNA2EAcQ=
  dependencies:
    is-glob "^4.0.1"

globby@^12.0.1:
  version "12.0.2"
  resolved "https://af-biz.qianxin-inc.cn:443/artifactory/api/npm/ats-npm/globby/download/globby-12.0.2.tgz#53788b2adf235602ed4cabfea5c70a1139e1ab11"
  integrity sha1-U3iLKt8jVgLtTKv+pccKETnhqxE=
  dependencies:
    array-union "^3.0.1"
    dir-glob "^3.0.1"
    fast-glob "^3.2.7"
    ignore "^5.1.8"
    merge2 "^1.4.1"
    slash "^4.0.0"

graceful-fs@^4.1.6, graceful-fs@^4.2.0:
  version "4.2.8"
  resolved "https://af-biz.qianxin-inc.cn:443/artifactory/api/npm/ats-npm/graceful-fs/download/graceful-fs-4.2.8.tgz#e412b8d33f5e006593cbd3cee6df9f2cebbe802a"
  integrity sha1-5BK40z9eAGWTy9PO5t+fLOu+gCo=

has-flag@^4.0.0:
  version "4.0.0"
  resolved "https://af-biz.qianxin-inc.cn:443/artifactory/api/npm/ats-npm/has-flag/download/has-flag-4.0.0.tgz#944771fd9c81c81265c4d6941860da06bb59479b"
  integrity sha1-lEdx/ZyByBJlxNaUGGDaBrtZR5s=

ignore@^5.1.8:
  version "5.1.8"
  resolved "https://af-biz.qianxin-inc.cn:443/artifactory/api/npm/ats-npm/ignore/download/ignore-5.1.8.tgz#f150a8b50a34289b33e22f5889abd4d8016f0e57"
  integrity sha1-8VCotQo0KJsz4i9YiavU2AFvDlc=

is-extglob@^2.1.1:
  version "2.1.1"
  resolved "https://af-biz.qianxin-inc.cn:443/artifactory/api/npm/ats-npm/is-extglob/download/is-extglob-2.1.1.tgz#a88c02535791f02ed37c76a1b9ea9773c833f8c2"
  integrity sha1-qIwCU1eR8C7TfHahueqXc8gz+MI=

is-glob@^4.0.1:
  version "4.0.1"
  resolved "https://af-biz.qianxin-inc.cn:443/artifactory/api/npm/ats-npm/is-glob/download/is-glob-4.0.1.tgz#7567dbe9f2f5e2467bc77ab83c4a29482407a5dc"
  integrity sha1-dWfb6fL14kZ7x3q4PEopSCQHpdw=
  dependencies:
    is-extglob "^2.1.1"

is-number@^7.0.0:
  version "7.0.0"
  resolved "https://af-biz.qianxin-inc.cn:443/artifactory/api/npm/ats-npm/is-number/download/is-number-7.0.0.tgz#7535345b896734d5f80c4d06c50955527a14f12b"
  integrity sha1-dTU0W4lnNNX4DE0GxQlVUnoU8Ss=

isexe@^2.0.0:
  version "2.0.0"
  resolved "https://af-biz.qianxin-inc.cn:443/artifactory/api/npm/ats-npm/isexe/download/isexe-2.0.0.tgz#e8fbf374dc556ff8947a10dcb0572d633f2cfa10"
  integrity sha1-6PvzdNxVb/iUehDcsFctYz8s+hA=

jsonfile@^6.0.1:
  version "6.1.0"
  resolved "https://af-biz.qianxin-inc.cn:443/artifactory/api/npm/ats-npm/jsonfile/download/jsonfile-6.1.0.tgz#bc55b2634793c679ec6403094eb13698a6ec0aae"
  integrity sha1-vFWyY0eTxnnsZAMJTrE2mKbsCq4=
  dependencies:
    universalify "^2.0.0"
  optionalDependencies:
    graceful-fs "^4.1.6"

map-stream@~0.1.0:
  version "0.1.0"
  resolved "https://af-biz.qianxin-inc.cn:443/artifactory/api/npm/ats-npm/map-stream/download/map-stream-0.1.0.tgz#e56aa94c4c8055a16404a0674b78f215f7c8e194"
  integrity sha1-5WqpTEyAVaFkBKBnS3jyFffI4ZQ=

merge2@^1.3.0, merge2@^1.4.1:
  version "1.4.1"
  resolved "https://af-biz.qianxin-inc.cn:443/artifactory/api/npm/ats-npm/merge2/download/merge2-1.4.1.tgz#4368892f885e907455a6fd7dc55c0c9d404990ae"
  integrity sha1-Q2iJL4hekHRVpv19xVwMnUBJkK4=

micromatch@^4.0.4:
  version "4.0.4"
  resolved "https://af-biz.qianxin-inc.cn:443/artifactory/api/npm/ats-npm/micromatch/download/micromatch-4.0.4.tgz#896d519dfe9db25fce94ceb7a500919bf881ebf9"
  integrity sha1-iW1Rnf6dsl/OlM63pQCRm/iB6/k=
  dependencies:
    braces "^3.0.1"
    picomatch "^2.2.3"

mime-db@1.49.0:
  version "1.49.0"
  resolved "https://af-biz.qianxin-inc.cn:443/artifactory/api/npm/ats-npm/mime-db/download/mime-db-1.49.0.tgz#f3dfde60c99e9cf3bc9701d687778f537001cbed"
  integrity sha1-89/eYMmenPO8lwHWh3ePU3ABy+0=

mime-types@^2.1.12:
  version "2.1.32"
  resolved "https://af-biz.qianxin-inc.cn:443/artifactory/api/npm/ats-npm/mime-types/download/mime-types-2.1.32.tgz#1d00e89e7de7fe02008db61001d9e02852670fd5"
  integrity sha1-HQDonn3n/gIAjbYQAdngKFJnD9U=
  dependencies:
    mime-db "1.49.0"

minimist@^1.2.5:
  version "1.2.5"
  resolved "https://af-biz.qianxin-inc.cn:443/artifactory/api/npm/ats-npm/minimist/download/minimist-1.2.5.tgz#67d66014b66a6a8aaa0c083c5fd58df4e4e97602"
  integrity sha1-Z9ZgFLZqaoqqDAg8X9WN9OTpdgI=

node-fetch@^2.6.1:
  version "2.6.5"
  resolved "https://af-biz.qianxin-inc.cn:443/artifactory/api/npm/ats-npm/node-fetch/download/node-fetch-2.6.5.tgz#42735537d7f080a7e5f78b6c549b7146be1742fd"
  integrity sha1-QnNVN9fwgKfl94tsVJtxRr4XQv0=
  dependencies:
    whatwg-url "^5.0.0"

path-type@^4.0.0:
  version "4.0.0"
  resolved "https://af-biz.qianxin-inc.cn:443/artifactory/api/npm/ats-npm/path-type/download/path-type-4.0.0.tgz#84ed01c0a7ba380afe09d90a8c180dcd9d03043b"
  integrity sha1-hO0BwKe6OAr+CdkKjBgNzZ0DBDs=

pause-stream@0.0.11:
  version "0.0.11"
  resolved "https://af-biz.qianxin-inc.cn:443/artifactory/api/npm/ats-npm/pause-stream/download/pause-stream-0.0.11.tgz#fe5a34b0cbce12b5aa6a2b403ee2e73b602f1445"
  integrity sha1-/lo0sMvOErWqaitAPuLnO2AvFEU=
  dependencies:
    through "~2.3"

picomatch@^2.2.3:
  version "2.3.0"
  resolved "https://af-biz.qianxin-inc.cn:443/artifactory/api/npm/ats-npm/picomatch/download/picomatch-2.3.0.tgz#f1f061de8f6a4bf022892e2d128234fb98302972"
  integrity sha1-8fBh3o9qS/AiiS4tEoI0+5gwKXI=

ps-tree@^1.2.0:
  version "1.2.0"
  resolved "https://af-biz.qianxin-inc.cn:443/artifactory/api/npm/ats-npm/ps-tree/download/ps-tree-1.2.0.tgz#5e7425b89508736cdd4f2224d028f7bb3f722ebd"
  integrity sha1-XnQluJUIc2zdTyIk0Cj3uz9yLr0=
  dependencies:
    event-stream "=3.3.4"

queue-microtask@^1.2.2:
  version "1.2.3"
  resolved "https://af-biz.qianxin-inc.cn:443/artifactory/api/npm/ats-npm/queue-microtask/download/queue-microtask-1.2.3.tgz#4929228bbc724dfac43e0efb058caf7b6cfb6243"
  integrity sha1-SSkii7xyTfrEPg77BYyve2z7YkM=

reusify@^1.0.4:
  version "1.0.4"
  resolved "https://af-biz.qianxin-inc.cn:443/artifactory/api/npm/ats-npm/reusify/download/reusify-1.0.4.tgz#90da382b1e126efc02146e90845a88db12925d76"
  integrity sha1-kNo4Kx4SbvwCFG6QhFqI2xKSXXY=

run-parallel@^1.1.9:
  version "1.2.0"
  resolved "https://af-biz.qianxin-inc.cn:443/artifactory/api/npm/ats-npm/run-parallel/download/run-parallel-1.2.0.tgz#66d1368da7bdf921eb9d95bd1a9229e7f21a43ee"
  integrity sha1-ZtE2jae9+SHrnZW9GpIp5/IaQ+4=
  dependencies:
    queue-microtask "^1.2.2"

slash@^4.0.0:
  version "4.0.0"
  resolved "https://af-biz.qianxin-inc.cn:443/artifactory/api/npm/ats-npm/slash/download/slash-4.0.0.tgz#2422372176c4c6c5addb5e2ada885af984b396a7"
  integrity sha1-JCI3IXbExsWt214q2oha+YSzlqc=

split@0.3:
  version "0.3.3"
  resolved "https://af-biz.qianxin-inc.cn:443/artifactory/api/npm/ats-npm/split/download/split-0.3.3.tgz#cd0eea5e63a211dfff7eb0f091c4133e2d0dd28f"
  integrity sha1-zQ7qXmOiEd//frDwkcQTPi0N0o8=
  dependencies:
    through "2"

stream-combiner@~0.0.4:
  version "0.0.4"
  resolved "https://af-biz.qianxin-inc.cn:443/artifactory/api/npm/ats-npm/stream-combiner/download/stream-combiner-0.0.4.tgz#4d5e433c185261dde623ca3f44c586bcf5c4ad14"
  integrity sha1-TV5DPBhSYd3mI8o/RMWGvPXErRQ=
  dependencies:
    duplexer "~0.1.1"

supports-color@^7.1.0:
  version "7.2.0"
  resolved "https://af-biz.qianxin-inc.cn:443/artifactory/api/npm/ats-npm/supports-color/download/supports-color-7.2.0.tgz#1b7dcdcb32b8138801b3e478ba6a51caa89648da"
  integrity sha1-G33NyzK4E4gBs+R4umpRyqiWSNo=
  dependencies:
    has-flag "^4.0.0"

through@2, through@~2.3, through@~2.3.1:
  version "2.3.8"
  resolved "https://af-biz.qianxin-inc.cn:443/artifactory/api/npm/ats-npm/through/download/through-2.3.8.tgz#0dd4c9ffaabc357960b1b724115d7e0e86a2e1f5"
  integrity sha1-DdTJ/6q8NXlgsbckEV1+Doai4fU=

to-regex-range@^5.0.1:
  version "5.0.1"
  resolved "https://af-biz.qianxin-inc.cn:443/artifactory/api/npm/ats-npm/to-regex-range/download/to-regex-range-5.0.1.tgz#1648c44aae7c8d988a326018ed72f5b4dd0392e4"
  integrity sha1-FkjESq58jZiKMmAY7XL1tN0DkuQ=
  dependencies:
    is-number "^7.0.0"

tr46@~0.0.3:
  version "0.0.3"
  resolved "https://af-biz.qianxin-inc.cn:443/artifactory/api/npm/ats-npm/tr46/download/tr46-0.0.3.tgz#8184fd347dac9cdc185992f3a6622e14b9d9ab6a"
  integrity sha1-gYT9NH2snNwYWZLzpmIuFLnZq2o=

universalify@^2.0.0:
  version "2.0.0"
  resolved "https://af-biz.qianxin-inc.cn:443/artifactory/api/npm/ats-npm/universalify/download/universalify-2.0.0.tgz#75a4984efedc4b08975c5aeb73f530d02df25717"
  integrity sha1-daSYTv7cSwiXXFrrc/Uw0C3yVxc=

webidl-conversions@^3.0.0:
  version "3.0.1"
  resolved "https://af-biz.qianxin-inc.cn:443/artifactory/api/npm/ats-npm/webidl-conversions/download/webidl-conversions-3.0.1.tgz#24534275e2a7bc6be7bc86611cc16ae0a5654871"
  integrity sha1-JFNCdeKnvGvnvIZhHMFq4KVlSHE=

whatwg-url@^5.0.0:
  version "5.0.0"
  resolved "https://af-biz.qianxin-inc.cn:443/artifactory/api/npm/ats-npm/whatwg-url/download/whatwg-url-5.0.0.tgz#966454e8765462e37644d3626f6742ce8b70965d"
  integrity sha1-lmRU6HZUYuN2RNNib2dCzotwll0=
  dependencies:
    tr46 "~0.0.3"
    webidl-conversions "^3.0.0"

which@^2.0.2:
  version "2.0.2"
  resolved "https://af-biz.qianxin-inc.cn:443/artifactory/api/npm/ats-npm/which/download/which-2.0.2.tgz#7c6a8dd0a636a0327e10b59c9286eee93f3f51b1"
  integrity sha1-fGqN0KY2oDJ+ELWckobu6T8/UbE=
  dependencies:
    isexe "^2.0.0"

zx@^4.2.0:
  version "4.2.0"
  resolved "https://af-biz.qianxin-inc.cn:443/artifactory/api/npm/ats-npm/zx/download/zx-4.2.0.tgz#5f7c15f4446ad33ae23717e5aba4c0199aa90851"
  integrity sha1-X3wV9ERq0zriNxflq6TAGZqpCFE=
  dependencies:
    "@types/fs-extra" "^9.0.12"
    "@types/minimist" "^1.2.2"
    "@types/node" "^16.6"
    "@types/node-fetch" "^2.5.12"
    chalk "^4.1.2"
    fs-extra "^10.0.0"
    globby "^12.0.1"
    minimist "^1.2.5"
    node-fetch "^2.6.1"
    ps-tree "^1.2.0"
    which "^2.0.2"
